
Microsoft Visual Studio Solution File, Format Version 12.00
# Visual Studio 14
VisualStudioVersion = 14.0.25420.1
MinimumVisualStudioVersion = 10.0.40219.1
Project("{FAE04EC0-301F-11D3-BF4B-00C04F79EFBC}") = "HomeworkSixth", "HomeworkSixth\HomeworkSixth.csproj", "{B749DBDF-8066-49A0-AC32-1E5DBC427FDA}"
EndProject
Project("{FAE04EC0-301F-11D3-BF4B-00C04F79EFBC}") = "SixthDAL", "SixthDAL\SixthDAL.csproj", "{80C394B1-52CD-4D67-BE00-2F693631EC52}"
EndProject
Project("{FAE04EC0-301F-11D3-BF4B-00C04F79EFBC}") = "SixthLucene", "SixthLucene\SixthLucene.csproj", "{392DB232-F26E-40AA-93CA-6D0E926D2A2D}"
EndProject
Project("{FAE04EC0-301F-11D3-BF4B-00C04F79EFBC}") = "Ruanmou.LuceneProject", "..\..\tools by Johnson\20161118Advanced7Course19AttributeAOP\Ruanmou.LuceneProject\Ruanmou.LuceneProject\Ruanmou.LuceneProject.csproj", "{4C467AF3-74F7-4213-8323-B9D6B2F1FFEE}"
EndProject
Global
	GlobalSection(SolutionConfigurationPlatforms) = preSolution
		Debug|Any CPU = Debug|Any CPU
		Release|Any CPU = Release|Any CPU
	EndGlobalSection
	GlobalSection(ProjectConfigurationPlatforms) = postSolution
		{B749DBDF-8066-49A0-AC32-1E5DBC427FDA}.Debug|Any CPU.ActiveCfg = Debug|Any CPU
		{B749DBDF-8066-49A0-AC32-1E5DBC427FDA}.Debug|Any CPU.Build.0 = Debug|Any CPU
		{B749DBDF-8066-49A0-AC32-1E5DBC427FDA}.Release|Any CPU.ActiveCfg = Release|Any CPU
		{B749DBDF-8066-49A0-AC32-1E5DBC427FDA}.Release|Any CPU.Build.0 = Release|Any CPU
		{80C394B1-52CD-4D67-BE00-2F693631EC52}.Debug|Any CPU.ActiveCfg = Debug|Any CPU
		{80C394B1-52CD-4D67-BE00-2F693631EC52}.Debug|Any CPU.Build.0 = Debug|Any CPU
		{80C394B1-52CD-4D67-BE00-2F693631EC52}.Release|Any CPU.ActiveCfg = Release|Any CPU
		{80C394B1-52CD-4D67-BE00-2F693631EC52}.Release|Any CPU.Build.0 = Release|Any CPU
		{392DB232-F26E-40AA-93CA-6D0E926D2A2D}.Debug|Any CPU.ActiveCfg = Debug|Any CPU
		{392DB232-F26E-40AA-93CA-6D0E926D2A2D}.Debug|Any CPU.Build.0 = Debug|Any CPU
		{392DB232-F26E-40AA-93CA-6D0E926D2A2D}.Release|Any CPU.ActiveCfg = Release|Any CPU
		{392DB232-F26E-40AA-93CA-6D0E926D2A2D}.Release|Any CPU.Build.0 = Release|Any CPU
		{4C467AF3-74F7-4213-8323-B9D6B2F1FFEE}.Debug|Any CPU.ActiveCfg = Debug|Any CPU
		{4C467AF3-74F7-4213-8323-B9D6B2F1FFEE}.Debug|Any CPU.Build.0 = Debug|Any CPU
		{4C467AF3-74F7-4213-8323-B9D6B2F1FFEE}.Release|Any CPU.ActiveCfg = Release|Any CPU
		{4C467AF3-74F7-4213-8323-B9D6B2F1FFEE}.Release|Any CPU.Build.0 = Release|Any CPU
	EndGlobalSection
	GlobalSection(SolutionProperties) = preSolution
		HideSolutionNode = FALSE
	EndGlobalSection
EndGlobal
